
Microsoft Visual Studio Solution File, Format Version 12.00
# Visual Studio 14
VisualStudioVersion = 14.0.25420.1
MinimumVisualStudioVersion = 10.0.40219.1
Project("{FAE04EC0-301F-11D3-BF4B-00C04F79EFBC}") = "CodeWars", "CodeWars\CodeWars.csproj", "{11C24BF0-AD11-4502-87D8-DBE798D0754A}"
EndProject
Project("{FAE04EC0-301F-11D3-BF4B-00C04F79EFBC}") = "CodeWarsTests", "CodeWarsTests\CodeWarsTests.csproj", "{07181147-62D3-4617-B3F9-EA608E0F8113}"
EndProject
Global
	GlobalSection(SolutionConfigurationPlatforms) = preSolution
		Debug|Any CPU = Debug|Any CPU
		Release|Any CPU = Release|Any CPU
	EndGlobalSection
	GlobalSection(ProjectConfigurationPlatforms) = postSolution
		{11C24BF0-AD11-4502-87D8-DBE798D0754A}.Debug|Any CPU.ActiveCfg = Debug|Any CPU
		{11C24BF0-AD11-4502-87D8-DBE798D0754A}.Debug|Any CPU.Build.0 = Debug|Any CPU
		{11C24BF0-AD11-4502-87D8-DBE798D0754A}.Release|Any CPU.ActiveCfg = Release|Any CPU
		{11C24BF0-AD11-4502-87D8-DBE798D0754A}.Release|Any CPU.Build.0 = Release|Any CPU
		{07181147-62D3-4617-B3F9-EA608E0F8113}.Debug|Any CPU.ActiveCfg = Debug|Any CPU
		{07181147-62D3-4617-B3F9-EA608E0F8113}.Debug|Any CPU.Build.0 = Debug|Any CPU
		{07181147-62D3-4617-B3F9-EA608E0F8113}.Release|Any CPU.ActiveCfg = Release|Any CPU
		{07181147-62D3-4617-B3F9-EA608E0F8113}.Release|Any CPU.Build.0 = Release|Any CPU
	EndGlobalSection
	GlobalSection(SolutionProperties) = preSolution
		HideSolutionNode = FALSE
	EndGlobalSection
EndGlobal
